<<<<<<< HEAD
﻿
Microsoft Visual Studio Solution File, Format Version 12.00
# Visual Studio Version 17
VisualStudioVersion = 17.0.32126.317
MinimumVisualStudioVersion = 10.0.40219.1
Project("{8BC9CEB8-8B4A-11D0-8D11-00A0C91BC942}") = "tsft", "tsft.vcxproj", "{87C079BD-4E63-40CA-8EDF-11F6000256D4}"
EndProject
Global
	GlobalSection(SolutionConfigurationPlatforms) = preSolution
		Debug|x64 = Debug|x64
		Debug|x86 = Debug|x86
		Release|x64 = Release|x64
		Release|x86 = Release|x86
	EndGlobalSection
	GlobalSection(ProjectConfigurationPlatforms) = postSolution
		{87C079BD-4E63-40CA-8EDF-11F6000256D4}.Debug|x64.ActiveCfg = Debug|x64
		{87C079BD-4E63-40CA-8EDF-11F6000256D4}.Debug|x64.Build.0 = Debug|x64
		{87C079BD-4E63-40CA-8EDF-11F6000256D4}.Debug|x86.ActiveCfg = Debug|Win32
		{87C079BD-4E63-40CA-8EDF-11F6000256D4}.Debug|x86.Build.0 = Debug|Win32
		{87C079BD-4E63-40CA-8EDF-11F6000256D4}.Release|x64.ActiveCfg = Release|x64
		{87C079BD-4E63-40CA-8EDF-11F6000256D4}.Release|x64.Build.0 = Release|x64
		{87C079BD-4E63-40CA-8EDF-11F6000256D4}.Release|x86.ActiveCfg = Release|Win32
		{87C079BD-4E63-40CA-8EDF-11F6000256D4}.Release|x86.Build.0 = Release|Win32
	EndGlobalSection
	GlobalSection(SolutionProperties) = preSolution
		HideSolutionNode = FALSE
	EndGlobalSection
	GlobalSection(ExtensibilityGlobals) = postSolution
		SolutionGuid = {5648006C-1745-42B7-A049-A4F9757AD6A3}
	EndGlobalSection
EndGlobal
=======
﻿
Microsoft Visual Studio Solution File, Format Version 12.00
# Visual Studio Version 17
VisualStudioVersion = 17.0.32126.317
MinimumVisualStudioVersion = 10.0.40219.1
Project("{8BC9CEB8-8B4A-11D0-8D11-00A0C91BC942}") = "tsft", "tsft.vcxproj", "{87C079BD-4E63-40CA-8EDF-11F6000256D4}"
EndProject
Global
	GlobalSection(SolutionConfigurationPlatforms) = preSolution
		Debug|x64 = Debug|x64
		Debug|x86 = Debug|x86
		Release|x64 = Release|x64
		Release|x86 = Release|x86
	EndGlobalSection
	GlobalSection(ProjectConfigurationPlatforms) = postSolution
		{87C079BD-4E63-40CA-8EDF-11F6000256D4}.Debug|x64.ActiveCfg = Debug|x64
		{87C079BD-4E63-40CA-8EDF-11F6000256D4}.Debug|x64.Build.0 = Debug|x64
		{87C079BD-4E63-40CA-8EDF-11F6000256D4}.Debug|x86.ActiveCfg = Debug|Win32
		{87C079BD-4E63-40CA-8EDF-11F6000256D4}.Debug|x86.Build.0 = Debug|Win32
		{87C079BD-4E63-40CA-8EDF-11F6000256D4}.Release|x64.ActiveCfg = Release|x64
		{87C079BD-4E63-40CA-8EDF-11F6000256D4}.Release|x64.Build.0 = Release|x64
		{87C079BD-4E63-40CA-8EDF-11F6000256D4}.Release|x86.ActiveCfg = Release|Win32
		{87C079BD-4E63-40CA-8EDF-11F6000256D4}.Release|x86.Build.0 = Release|Win32
	EndGlobalSection
	GlobalSection(SolutionProperties) = preSolution
		HideSolutionNode = FALSE
	EndGlobalSection
	GlobalSection(ExtensibilityGlobals) = postSolution
		SolutionGuid = {5648006C-1745-42B7-A049-A4F9757AD6A3}
	EndGlobalSection
EndGlobal
>>>>>>> 6822adcdac7fb86e054535633119486a9acfa7de
